
Microsoft Visual Studio Solution File, Format Version 12.00
# Visual Studio Version 17
VisualStudioVersion = 17.3.32901.215
MinimumVisualStudioVersion = 10.0.40219.1
Project("{FAE04EC0-301F-11D3-BF4B-00C04F79EFBC}") = "UpgradedExcelVlookup", "UpgradedExcelVlookup.csproj", "{CCB5FC22-2E7E-44C9-90EE-0007EC5A21B2}"
EndProject
Global
	GlobalSection(SolutionConfigurationPlatforms) = preSolution
		Debug|Any CPU = Debug|Any CPU
		Release|Any CPU = Release|Any CPU
	EndGlobalSection
	GlobalSection(ProjectConfigurationPlatforms) = postSolution
		{CCB5FC22-2E7E-44C9-90EE-0007EC5A21B2}.Debug|Any CPU.ActiveCfg = Debug|Any CPU
		{CCB5FC22-2E7E-44C9-90EE-0007EC5A21B2}.Debug|Any CPU.Build.0 = Debug|Any CPU
		{CCB5FC22-2E7E-44C9-90EE-0007EC5A21B2}.Release|Any CPU.ActiveCfg = Release|Any CPU
		{CCB5FC22-2E7E-44C9-90EE-0007EC5A21B2}.Release|Any CPU.Build.0 = Release|Any CPU
	EndGlobalSection
	GlobalSection(SolutionProperties) = preSolution
		HideSolutionNode = FALSE
	EndGlobalSection
	GlobalSection(ExtensibilityGlobals) = postSolution
		SolutionGuid = {8AEAC8C6-2153-4AC8-9ADF-7622156ACCBC}
	EndGlobalSection
EndGlobal
